// !$*UTF8*$!
{
	archiveVersion = 1;
	classes = {
	};
	objectVersion = 55;
	objects = {

/* Begin PBXBuildFile section */
		2112850A2838843300A8C713 /* Beard.swift in Sources */ = {isa = PBXBuildFile; fileRef = 211285092838843300A8C713 /* Beard.swift */; };
		2125F20C28396D7B00AB532A /* ModelsBeard.scnassets in Resources */ = {isa = PBXBuildFile; fileRef = 2112850D283884F800A8C713 /* ModelsBeard.scnassets */; };
		21984DBE282CF9A200AEF7F4 /* AppDelegate.swift in Sources */ = {isa = PBXBuildFile; fileRef = 21984DBD282CF9A200AEF7F4 /* AppDelegate.swift */; };
		21984DC0282CF9A200AEF7F4 /* ViewController.swift in Sources */ = {isa = PBXBuildFile; fileRef = 21984DBF282CF9A200AEF7F4 /* ViewController.swift */; };
		21984DC5282CF9A200AEF7F4 /* Main.storyboard in Resources */ = {isa = PBXBuildFile; fileRef = 21984DC3282CF9A200AEF7F4 /* Main.storyboard */; };
		21984DC7282CF9A400AEF7F4 /* Assets.xcassets in Resources */ = {isa = PBXBuildFile; fileRef = 21984DC6282CF9A400AEF7F4 /* Assets.xcassets */; };
		21984DCA282CF9A400AEF7F4 /* LaunchScreen.storyboard in Resources */ = {isa = PBXBuildFile; fileRef = 21984DC8282CF9A400AEF7F4 /* LaunchScreen.storyboard */; };
		21984DD5282D1A9400AEF7F4 /* StartMask.png in Resources */ = {isa = PBXBuildFile; fileRef = 21984DD4282D1A9400AEF7F4 /* StartMask.png */; };
		21984DE0282E2FD300AEF7F4 /* ModelsGlasses.scnassets in Resources */ = {isa = PBXBuildFile; fileRef = 21984DDF282E2FD300AEF7F4 /* ModelsGlasses.scnassets */; };
		21984DE6282E325100AEF7F4 /* Glasses.swift in Sources */ = {isa = PBXBuildFile; fileRef = 21984DE5282E325100AEF7F4 /* Glasses.swift */; };
		21984DEC2830FBE300AEF7F4 /* Constants.swift in Sources */ = {isa = PBXBuildFile; fileRef = 21984DEB2830FBE300AEF7F4 /* Constants.swift */; };
/* End PBXBuildFile section */

/* Begin PBXFileReference section */
		211285092838843300A8C713 /* Beard.swift */ = {isa = PBXFileReference; lastKnownFileType = sourcecode.swift; path = Beard.swift; sourceTree = "<group>"; };
		2112850D283884F800A8C713 /* ModelsBeard.scnassets */ = {isa = PBXFileReference; lastKnownFileType = wrapper.scnassets; path = ModelsBeard.scnassets; sourceTree = "<group>"; };
		21984DBA282CF9A200AEF7F4 /* Mask.app */ = {isa = PBXFileReference; explicitFileType = wrapper.application; includeInIndex = 0; path = Mask.app; sourceTree = BUILT_PRODUCTS_DIR; };
		21984DBD282CF9A200AEF7F4 /* AppDelegate.swift */ = {isa = PBXFileReference; lastKnownFileType = sourcecode.swift; path = AppDelegate.swift; sourceTree = "<group>"; };
		21984DBF282CF9A200AEF7F4 /* ViewController.swift */ = {isa = PBXFileReference; lastKnownFileType = sourcecode.swift; path = ViewController.swift; sourceTree = "<group>"; };
		21984DC4282CF9A200AEF7F4 /* Base */ = {isa = PBXFileReference; lastKnownFileType = file.storyboard; name = Base; path = Base.lproj/Main.storyboard; sourceTree = "<group>"; };
		21984DC6282CF9A400AEF7F4 /* Assets.xcassets */ = {isa = PBXFileReference; lastKnownFileType = folder.assetcatalog; path = Assets.xcassets; sourceTree = "<group>"; };
		21984DC9282CF9A400AEF7F4 /* Base */ = {isa = PBXFileReference; lastKnownFileType = file.storyboard; name = Base; path = Base.lproj/LaunchScreen.storyboard; sourceTree = "<group>"; };
		21984DD4282D1A9400AEF7F4 /* StartMask.png */ = {isa = PBXFileReference; lastKnownFileType = image.png; path = StartMask.png; sourceTree = "<group>"; };
		21984DDF282E2FD300AEF7F4 /* ModelsGlasses.scnassets */ = {isa = PBXFileReference; lastKnownFileType = wrapper.scnassets; path = ModelsGlasses.scnassets; sourceTree = "<group>"; };
		21984DE5282E325100AEF7F4 /* Glasses.swift */ = {isa = PBXFileReference; lastKnownFileType = sourcecode.swift; path = Glasses.swift; sourceTree = "<group>"; };
		21984DEB2830FBE300AEF7F4 /* Constants.swift */ = {isa = PBXFileReference; lastKnownFileType = sourcecode.swift; path = Constants.swift; sourceTree = "<group>"; };
		21B94076283666A2002B23EC /* Info.plist */ = {isa = PBXFileReference; lastKnownFileType = text.plist; path = Info.plist; sourceTree = "<group>"; };
/* End PBXFileReference section */

/* Begin PBXFrameworksBuildPhase section */
		21984DB7282CF9A200AEF7F4 /* Frameworks */ = {
			isa = PBXFrameworksBuildPhase;
			buildActionMask = 2147483647;
			files = (
			);
			runOnlyForDeploymentPostprocessing = 0;
		};
/* End PBXFrameworksBuildPhase section */

/* Begin PBXGroup section */
		21984DB1282CF9A200AEF7F4 = {
			isa = PBXGroup;
			children = (
				21984DBC282CF9A200AEF7F4 /* Mask */,
				21984DBB282CF9A200AEF7F4 /* Products */,
			);
			sourceTree = "<group>";
		};
		21984DBB282CF9A200AEF7F4 /* Products */ = {
			isa = PBXGroup;
			children = (
				21984DBA282CF9A200AEF7F4 /* Mask.app */,
			);
			name = Products;
			sourceTree = "<group>";
		};
		21984DBC282CF9A200AEF7F4 /* Mask */ = {
			isa = PBXGroup;
			children = (
				21984DBD282CF9A200AEF7F4 /* AppDelegate.swift */,
				21984DBF282CF9A200AEF7F4 /* ViewController.swift */,
				21984DE5282E325100AEF7F4 /* Glasses.swift */,
				211285092838843300A8C713 /* Beard.swift */,
				21984DEB2830FBE300AEF7F4 /* Constants.swift */,
				21984DC3282CF9A200AEF7F4 /* Main.storyboard */,
				21984DC6282CF9A400AEF7F4 /* Assets.xcassets */,
				21984DDF282E2FD300AEF7F4 /* ModelsGlasses.scnassets */,
				2112850D283884F800A8C713 /* ModelsBeard.scnassets */,
				21984DC8282CF9A400AEF7F4 /* LaunchScreen.storyboard */,
				21984DD4282D1A9400AEF7F4 /* StartMask.png */,
				21B94076283666A2002B23EC /* Info.plist */,
			);
			path = Mask;
			sourceTree = "<group>";
		};
/* End PBXGroup section */

/* Begin PBXNativeTarget section */
		21984DB9282CF9A200AEF7F4 /* Mask */ = {
			isa = PBXNativeTarget;
			buildConfigurationList = 21984DCD282CF9A400AEF7F4 /* Build configuration list for PBXNativeTarget "Mask" */;
			buildPhases = (
				21984DB6282CF9A200AEF7F4 /* Sources */,
				21984DB7282CF9A200AEF7F4 /* Frameworks */,
				21984DB8282CF9A200AEF7F4 /* Resources */,
			);
			buildRules = (
			);
			dependencies = (
			);
			name = Mask;
			productName = Mask;
			productReference = 21984DBA282CF9A200AEF7F4 /* Mask.app */;
			productType = "com.apple.product-type.application";
		};
/* End PBXNativeTarget section */

/* Begin PBXProject section */
		21984DB2282CF9A200AEF7F4 /* Project object */ = {
			isa = PBXProject;
			attributes = {
				BuildIndependentTargetsInParallel = 1;
				LastSwiftUpdateCheck = 1330;
				LastUpgradeCheck = 1330;
				TargetAttributes = {
					21984DB9282CF9A200AEF7F4 = {
						CreatedOnToolsVersion = 13.3.1;
					};
				};
			};
			buildConfigurationList = 21984DB5282CF9A200AEF7F4 /* Build configuration list for PBXProject "Mask" */;
			compatibilityVersion = "Xcode 13.0";
			developmentRegion = en;
			hasScannedForEncodings = 0;
			knownRegions = (
				en,
				Base,
			);
			mainGroup = 21984DB1282CF9A200AEF7F4;
			productRefGroup = 21984DBB282CF9A200AEF7F4 /* Products */;
			projectDirPath = "";
			projectRoot = "";
			targets = (
				21984DB9282CF9A200AEF7F4 /* Mask */,
			);
		};
/* End PBXProject section */

/* Begin PBXResourcesBuildPhase section */
		21984DB8282CF9A200AEF7F4 /* Resources */ = {
			isa = PBXResourcesBuildPhase;
			buildActionMask = 2147483647;
			files = (
				2125F20C28396D7B00AB532A /* ModelsBeard.scnassets in Resources */,
				21984DCA282CF9A400AEF7F4 /* LaunchScreen.storyboard in Resources */,
				21984DC7282CF9A400AEF7F4 /* Assets.xcassets in Resources */,
				21984DD5282D1A9400AEF7F4 /* StartMask.png in Resources */,
				21984DE0282E2FD300AEF7F4 /* ModelsGlasses.scnassets in Resources */,
				21984DC5282CF9A200AEF7F4 /* Main.storyboard in Resources */,
			);
			runOnlyForDeploymentPostprocessing = 0;
		};
/* End PBXResourcesBuildPhase section */

/* Begin PBXSourcesBuildPhase section */
		21984DB6282CF9A200AEF7F4 /* Sources */ = {
			isa = PBXSourcesBuildPhase;
			buildActionMask = 2147483647;
			files = (
				21984DC0282CF9A200AEF7F4 /* ViewController.swift in Sources */,
				2112850A2838843300A8C713 /* Beard.swift in Sources */,
				21984DBE282CF9A200AEF7F4 /* AppDelegate.swift in Sources */,
				21984DE6282E325100AEF7F4 /* Glasses.swift in Sources */,
				21984DEC2830FBE300AEF7F4 /* Constants.swift in Sources */,
			);
			runOnlyForDeploymentPostprocessing = 0;
		};
/* End PBXSourcesBuildPhase section */

/* Begin PBXVariantGroup section */
		21984DC3282CF9A200AEF7F4 /* Main.storyboard */ = {
			isa = PBXVariantGroup;
			children = (
				21984DC4282CF9A200AEF7F4 /* Base */,
			);
			name = Main.storyboard;
			sourceTree = "<group>";
		};
		21984DC8282CF9A400AEF7F4 /* LaunchScreen.storyboard */ = {
			isa = PBXVariantGroup;
			children = (
				21984DC9282CF9A400AEF7F4 /* Base */,
			);
			name = LaunchScreen.storyboard;
			sourceTree = "<group>";
		};
/* End PBXVariantGroup section */

/* Begin XCBuildConfiguration section */
		21984DCB282CF9A400AEF7F4 /* Debug */ = {
			isa = XCBuildConfiguration;
			buildSettings = {
				ALWAYS_SEARCH_USER_PATHS = NO;
				CLANG_ANALYZER_NONNULL = YES;
				CLANG_ANALYZER_NUMBER_OBJECT_CONVERSION = YES_AGGRESSIVE;
				CLANG_CXX_LANGUAGE_STANDARD = "gnu++17";
				CLANG_ENABLE_MODULES = YES;
				CLANG_ENABLE_OBJC_ARC = YES;
				CLANG_ENABLE_OBJC_WEAK = YES;
				CLANG_WARN_BLOCK_CAPTURE_AUTORELEASING = YES;
				CLANG_WARN_BOOL_CONVERSION = YES;
				CLANG_WARN_COMMA = YES;
				CLANG_WARN_CONSTANT_CONVERSION = YES;
				CLANG_WARN_DEPRECATED_OBJC_IMPLEMENTATIONS = YES;
				CLANG_WARN_DIRECT_OBJC_ISA_USAGE = YES_ERROR;
				CLANG_WARN_DOCUMENTATION_COMMENTS = YES;
				CLANG_WARN_EMPTY_BODY = YES;
				CLANG_WARN_ENUM_CONVERSION = YES;
				CLANG_WARN_INFINITE_RECURSION = YES;
				CLANG_WARN_INT_CONVERSION = YES;
				CLANG_WARN_NON_LITERAL_NULL_CONVERSION = YES;
				CLANG_WARN_OBJC_IMPLICIT_RETAIN_SELF = YES;
				CLANG_WARN_OBJC_LITERAL_CONVERSION = YES;
				CLANG_WARN_OBJC_ROOT_CLASS = YES_ERROR;
				CLANG_WARN_QUOTED_INCLUDE_IN_FRAMEWORK_HEADER = YES;
				CLANG_WARN_RANGE_LOOP_ANALYSIS = YES;
				CLANG_WARN_STRICT_PROTOTYPES = YES;
				CLANG_WARN_SUSPICIOUS_MOVE = YES;
				CLANG_WARN_UNGUARDED_AVAILABILITY = YES_AGGRESSIVE;
				CLANG_WARN_UNREACHABLE_CODE = YES;
				CLANG_WARN__DUPLICATE_METHOD_MATCH = YES;
				COPY_PHASE_STRIP = NO;
				DEBUG_INFORMATION_FORMAT = dwarf;
				ENABLE_STRICT_OBJC_MSGSEND = YES;
				ENABLE_TESTABILITY = YES;
				GCC_C_LANGUAGE_STANDARD = gnu11;
				GCC_DYNAMIC_NO_PIC = NO;
				GCC_NO_COMMON_BLOCKS = YES;
				GCC_OPTIMIZATION_LEVEL = 0;
				GCC_PREPROCESSOR_DEFINITIONS = (
					"DEBUG=1",
					"$(inherited)",
				);
				GCC_WARN_64_TO_32_BIT_CONVERSION = YES;
				GCC_WARN_ABOUT_RETURN_TYPE = YES_ERROR;
				GCC_WARN_UNDECLARED_SELECTOR = YES;
				GCC_WARN_UNINITIALIZED_AUTOS = YES_AGGRESSIVE;
				GCC_WARN_UNUSED_FUNCTION = YES;
				GCC_WARN_UNUSED_VARIABLE = YES;
				IPHONEOS_DEPLOYMENT_TARGET = 15.4;
				MTL_ENABLE_DEBUG_INFO = INCLUDE_SOURCE;
				MTL_FAST_MATH = YES;
				ONLY_ACTIVE_ARCH = YES;
				SDKROOT = iphoneos;
				SWIFT_ACTIVE_COMPILATION_CONDITIONS = DEBUG;
				SWIFT_OPTIMIZATION_LEVEL = "-Onone";
			};
			name = Debug;
		};
		21984DCC282CF9A400AEF7F4 /* Release */ = {
			isa = XCBuildConfiguration;
			buildSettings = {
				ALWAYS_SEARCH_USER_PATHS = NO;
				CLANG_ANALYZER_NONNULL = YES;
				CLANG_ANALYZER_NUMBER_OBJECT_CONVERSION = YES_AGGRESSIVE;
				CLANG_CXX_LANGUAGE_STANDARD = "gnu++17";
				CLANG_ENABLE_MODULES = YES;
				CLANG_ENABLE_OBJC_ARC = YES;
				CLANG_ENABLE_OBJC_WEAK = YES;
				CLANG_WARN_BLOCK_CAPTURE_AUTORELEASING = YES;
				CLANG_WARN_BOOL_CONVERSION = YES;
				CLANG_WARN_COMMA = YES;
				CLANG_WARN_CONSTANT_CONVERSION = YES;
				CLANG_WARN_DEPRECATED_OBJC_IMPLEMENTATIONS = YES;
				CLANG_WARN_DIRECT_OBJC_ISA_USAGE = YES_ERROR;
				CLANG_WARN_DOCUMENTATION_COMMENTS = YES;
				CLANG_WARN_EMPTY_BODY = YES;
				CLANG_WARN_ENUM_CONVERSION = YES;
				CLANG_WARN_INFINITE_RECURSION = YES;
				CLANG_WARN_INT_CONVERSION = YES;
				CLANG_WARN_NON_LITERAL_NULL_CONVERSION = YES;
				CLANG_WARN_OBJC_IMPLICIT_RETAIN_SELF = YES;
				CLANG_WARN_OBJC_LITERAL_CONVERSION = YES;
				CLANG_WARN_OBJC_ROOT_CLASS = YES_ERROR;
				CLANG_WARN_QUOTED_INCLUDE_IN_FRAMEWORK_HEADER = YES;
				CLANG_WARN_RANGE_LOOP_ANALYSIS = YES;
				CLANG_WARN_STRICT_PROTOTYPES = YES;
				CLANG_WARN_SUSPICIOUS_MOVE = YES;
				CLANG_WARN_UNGUARDED_AVAILABILITY = YES_AGGRESSIVE;
				CLANG_WARN_UNREACHABLE_CODE = YES;
				CLANG_WARN__DUPLICATE_METHOD_MATCH = YES;
				COPY_PHASE_STRIP = NO;
				DEBUG_INFORMATION_FORMAT = "dwarf-with-dsym";
				ENABLE_NS_ASSERTIONS = NO;
				ENABLE_STRICT_OBJC_MSGSEND = YES;
				GCC_C_LANGUAGE_STANDARD = gnu11;
				GCC_NO_COMMON_BLOCKS = YES;
				GCC_WARN_64_TO_32_BIT_CONVERSION = YES;
				GCC_WARN_ABOUT_RETURN_TYPE = YES_ERROR;
				GCC_WARN_UNDECLARED_SELECTOR = YES;
				GCC_WARN_UNINITIALIZED_AUTOS = YES_AGGRESSIVE;
				GCC_WARN_UNUSED_FUNCTION = YES;
				GCC_WARN_UNUSED_VARIABLE = YES;
				IPHONEOS_DEPLOYMENT_TARGET = 15.4;
				MTL_ENABLE_DEBUG_INFO = NO;
				MTL_FAST_MATH = YES;
				SDKROOT = iphoneos;
				SWIFT_COMPILATION_MODE = wholemodule;
				SWIFT_OPTIMIZATION_LEVEL = "-O";
				VALIDATE_PRODUCT = YES;
			};
			name = Release;
		};
		21984DCE282CF9A400AEF7F4 /* Debug */ = {
			isa = XCBuildConfiguration;
			buildSettings = {
				ASSETCATALOG_COMPILER_APPICON_NAME = AppIcon;
				ASSETCATALOG_COMPILER_GLOBAL_ACCENT_COLOR_NAME = AccentColor;
				CODE_SIGN_STYLE = Automatic;
				CURRENT_PROJECT_VERSION = 1;
				DEVELOPMENT_TEAM = P6CDZ5KF89;
				GENERATE_INFOPLIST_FILE = YES;
				INFOPLIST_FILE = Mask/Info.plist;
				INFOPLIST_KEY_NSCameraUsageDescription = "";
				INFOPLIST_KEY_UIApplicationSupportsIndirectInputEvents = YES;
				INFOPLIST_KEY_UILaunchStoryboardName = LaunchScreen;
				INFOPLIST_KEY_UIMainStoryboardFile = Main;
				INFOPLIST_KEY_UIRequiredDeviceCapabilities = arkit;
				INFOPLIST_KEY_UIStatusBarHidden = YES;
				INFOPLIST_KEY_UISupportedInterfaceOrientations_iPad = "UIInterfaceOrientationPortrait UIInterfaceOrientationPortraitUpsideDown UIInterfaceOrientationLandscapeLeft UIInterfaceOrientationLandscapeRight";
				INFOPLIST_KEY_UISupportedInterfaceOrientations_iPhone = "UIInterfaceOrientationPortrait UIInterfaceOrientationLandscapeLeft UIInterfaceOrientationLandscapeRight";
				LD_RUNPATH_SEARCH_PATHS = (
					"$(inherited)",
					"@executable_path/Frameworks",
				);
				MARKETING_VERSION = 1.0;
				PRODUCT_BUNDLE_IDENTIFIER = "Olga-Novikova.ind.Mask1";
				PRODUCT_NAME = "$(TARGET_NAME)";
				SWIFT_EMIT_LOC_STRINGS = YES;
				SWIFT_VERSION = 5.0;
				TARGETED_DEVICE_FAMILY = 1;
			};
			name = Debug;
		};
		21984DCF282CF9A400AEF7F4 /* Release */ = {
			isa = XCBuildConfiguration;
			buildSettings = {
				ASSETCATALOG_COMPILER_APPICON_NAME = AppIcon;
				ASSETCATALOG_COMPILER_GLOBAL_ACCENT_COLOR_NAME = AccentColor;
				CODE_SIGN_STYLE = Automatic;
				CURRENT_PROJECT_VERSION = 1;
				DEVELOPMENT_TEAM = P6CDZ5KF89;
				GENERATE_INFOPLIST_FILE = YES;
				INFOPLIST_FILE = Mask/Info.plist;
				INFOPLIST_KEY_NSCameraUsageDescription = "";
				INFOPLIST_KEY_UIApplicationSupportsIndirectInputEvents = YES;
				INFOPLIST_KEY_UILaunchStoryboardName = LaunchScreen;
				INFOPLIST_KEY_UIMainStoryboardFile = Main;
				INFOPLIST_KEY_UIRequiredDeviceCapabilities = arkit;
				INFOPLIST_KEY_UIStatusBarHidden = YES;
				INFOPLIST_KEY_UISupportedInterfaceOrientations_iPad = "UIInterfaceOrientationPortrait UIInterfaceOrientationPortraitUpsideDown UIInterfaceOrientationLandscapeLeft UIInterfaceOrientationLandscapeRight";
				INFOPLIST_KEY_UISupportedInterfaceOrientations_iPhone = "UIInterfaceOrientationPortrait UIInterfaceOrientationLandscapeLeft UIInterfaceOrientationLandscapeRight";
				LD_RUNPATH_SEARCH_PATHS = (
					"$(inherited)",
					"@executable_path/Frameworks",
				);
				MARKETING_VERSION = 1.0;
				PRODUCT_BUNDLE_IDENTIFIER = "Olga-Novikova.ind.Mask1";
				PRODUCT_NAME = "$(TARGET_NAME)";
				SWIFT_EMIT_LOC_STRINGS = YES;
				SWIFT_VERSION = 5.0;
				TARGETED_DEVICE_FAMILY = 1;
			};
			name = Release;
		};
/* End XCBuildConfiguration section */

/* Begin XCConfigurationList section */
		21984DB5282CF9A200AEF7F4 /* Build configuration list for PBXProject "Mask" */ = {
			isa = XCConfigurationList;
			buildConfigurations = (
				21984DCB282CF9A400AEF7F4 /* Debug */,
				21984DCC282CF9A400AEF7F4 /* Release */,
			);
			defaultConfigurationIsVisible = 0;
			defaultConfigurationName = Release;
		};
		21984DCD282CF9A400AEF7F4 /* Build configuration list for PBXNativeTarget "Mask" */ = {
			isa = XCConfigurationList;
			buildConfigurations = (
				21984DCE282CF9A400AEF7F4 /* Debug */,
				21984DCF282CF9A400AEF7F4 /* Release */,
			);
			defaultConfigurationIsVisible = 0;
			defaultConfigurationName = Release;
		};
/* End XCConfigurationList section */
	};
	rootObject = 21984DB2282CF9A200AEF7F4 /* Project object */;
}
